
Microsoft Visual Studio Solution File, Format Version 12.00
# Visual Studio Version 17
VisualStudioVersion = 17.2.32505.173
MinimumVisualStudioVersion = 10.0.40219.1
Project("{FAE04EC0-301F-11D3-BF4B-00C04F79EFBC}") = "YogaCenterManagement", "YogaCenterManagement.csproj", "{1C931A14-238D-420E-B406-D15094E3CFE1}"
EndProject
Global
	GlobalSection(SolutionConfigurationPlatforms) = preSolution
		Debug|Any CPU = Debug|Any CPU
		Release|Any CPU = Release|Any CPU
	EndGlobalSection
	GlobalSection(ProjectConfigurationPlatforms) = postSolution
		{1C931A14-238D-420E-B406-D15094E3CFE1}.Debug|Any CPU.ActiveCfg = Debug|Any CPU
		{1C931A14-238D-420E-B406-D15094E3CFE1}.Debug|Any CPU.Build.0 = Debug|Any CPU
		{1C931A14-238D-420E-B406-D15094E3CFE1}.Release|Any CPU.ActiveCfg = Release|Any CPU
		{1C931A14-238D-420E-B406-D15094E3CFE1}.Release|Any CPU.Build.0 = Release|Any CPU
	EndGlobalSection
	GlobalSection(SolutionProperties) = preSolution
		HideSolutionNode = FALSE
	EndGlobalSection
	GlobalSection(ExtensibilityGlobals) = postSolution
		SolutionGuid = {7E805BCD-D7EF-4D84-92AD-76776CA75901}
	EndGlobalSection
EndGlobal
